{
	"name": "@sh-dave/format-vox",
	"version": "0.1.5",
	"lockfileVersion": 1,
	"requires": true,
	"dependencies": {
		"lix": {
			"version": "15.9.1",
			"resolved": "https://registry.npmjs.org/lix/-/lix-15.9.1.tgz",
			"integrity": "sha512-HOK+F/IFO9E3SqfBVFDnCGIDX7Hqee8RleBuQKQQ2UWh/qZ5WqVV4XTFgYgMVS0g+fwtZuuULOiAEqCQkSo3YA==",
			"dev": true
		}
	}
}
