{
	"name": "@sh-dave/format-vox",
	"version": "0.1.6",
	"lockfileVersion": 1,
	"requires": true,
	"dependencies": {
		"lix": {
			"version": "15.12.0",
			"resolved": "https://registry.npmjs.org/lix/-/lix-15.12.0.tgz",
			"integrity": "sha512-FA36oCl+M+3Of8L4eErXw7tAHGOjqEC4IgEvH6oPDsiYd4yN6XpzZGcbLuIyu4PiztjOrr1TKJnpwi32qb2ddw==",
			"dev": true
		}
	}
}
