{
	"name": "format-vox",
	"version": "0.0.1",
	"lockfileVersion": 1,
	"requires": true,
	"dependencies": {
		"lix": {
			"version": "15.1.0-rc.2",
			"resolved": "https://registry.npmjs.org/lix/-/lix-15.1.0-rc.2.tgz",
			"integrity": "sha512-TjCoZD9B9JdQuRBtJOrbBtBiQ/0DjCjj5TOTQSQ6U6A0Uk+dvtcaNgzZbYyANYzgsdyaQ2gGL9SqDFteMXgb3g==",
			"dev": true
		}
	}
}
